
Microsoft Visual Studio Solution File, Format Version 11.00
# Visual Studio 2010
Project("{FAE04EC0-301F-11D3-BF4B-00C04F79EFBC}") = "MCEBuddy.CommercialScan", "MCEBuddy.CommercialScan\MCEBuddy.CommercialScan.csproj", "{298B38E2-57D4-459D-8EB9-529E95F41DC7}"
EndProject
Project("{FAE04EC0-301F-11D3-BF4B-00C04F79EFBC}") = "MCEBuddy.Globals", "MCEBuddy.Globals\MCEBuddy.Globals.csproj", "{582764CD-025E-4CB1-B2C4-0C52A59BE74E}"
EndProject
Project("{FAE04EC0-301F-11D3-BF4B-00C04F79EFBC}") = "MCEBuddy.MetaData", "MCEBuddy.MetaData\MCEBuddy.MetaData.csproj", "{A3AA78D8-F912-41EC-844B-48C84E5032BB}"
EndProject
Project("{FAE04EC0-301F-11D3-BF4B-00C04F79EFBC}") = "MCEBuddy.RemuxMediaCenter", "MCEBuddy.RemuxMediaCenter\MCEBuddy.RemuxMediaCenter.csproj", "{0DF6FB06-4CD2-47BD-89D8-36BE8338673C}"
EndProject
Project("{FAE04EC0-301F-11D3-BF4B-00C04F79EFBC}") = "MCEBuddy.Transcode", "MCEBuddy.Transcode\MCEBuddy.Transcode.csproj", "{B8799D33-24DB-4E36-8113-05BEBB7FC88B}"
EndProject
Project("{FAE04EC0-301F-11D3-BF4B-00C04F79EFBC}") = "MCEBuddy.Util", "MCEBuddy.Util\MCEBuddy.Util.csproj", "{0D324A60-A350-422E-B522-12B9EAEFDAEC}"
EndProject
Project("{FAE04EC0-301F-11D3-BF4B-00C04F79EFBC}") = "MCEBuddy.VideoProperties", "MCEBuddy.VideoInfo\MCEBuddy.VideoProperties.csproj", "{4E7DC789-3AE0-4E19-B1D0-D9186F9F9A98}"
EndProject
Project("{FAE04EC0-301F-11D3-BF4B-00C04F79EFBC}") = "MCEBuddy.CommandLineParser", "MCEBuddy.CommandLine\MCEBuddy.CommandLineParser.csproj", "{5DEA2811-2FFA-4959-830B-CAD3ACACABEB}"
EndProject
Project("{FAE04EC0-301F-11D3-BF4B-00C04F79EFBC}") = "MCEBuddy.AppWrapper", "MCEBuddy.AppWrapper\MCEBuddy.AppWrapper.csproj", "{9DB8E317-C643-4DBC-8EBE-B44570F74428}"
EndProject
Project("{FAE04EC0-301F-11D3-BF4B-00C04F79EFBC}") = "MCEBuddy.ProgressODoom", "MCEBuddy.ProgressODoom\MCEBuddy.ProgressODoom.csproj", "{8DD1E84B-0B03-4C0B-9B42-1E49F75E7CB1}"
EndProject
Project("{FAE04EC0-301F-11D3-BF4B-00C04F79EFBC}") = "MCEBuddy.Engine", "MCEBuddy.Engine\MCEBuddy.Engine.csproj", "{BAD042C9-4BF3-4906-ACED-FFCA708C3157}"
EndProject
Project("{FAE04EC0-301F-11D3-BF4B-00C04F79EFBC}") = "MCEBuddy.ServiceCMD", "MCEBuddy.ServiceCMD\MCEBuddy.ServiceCMD.csproj", "{4FE920D5-ED36-45A6-B1EE-82F40C62B151}"
	ProjectSection(ProjectDependencies) = postProject
		{7E8D78E7-1A6F-4D60-A25E-246CEAECBFD0} = {7E8D78E7-1A6F-4D60-A25E-246CEAECBFD0}
	EndProjectSection
EndProject
Project("{FAE04EC0-301F-11D3-BF4B-00C04F79EFBC}") = "MCEBuddy.Service", "MCEBuddy.Service\MCEBuddy.Service.csproj", "{88EAFADB-6887-4F5F-A715-1BF4B23CA946}"
EndProject
Project("{FAE04EC0-301F-11D3-BF4B-00C04F79EFBC}") = "MCEBuddy.GUI", "MCEBuddy.GUI\MCEBuddy.GUI.csproj", "{7E8D78E7-1A6F-4D60-A25E-246CEAECBFD0}"
EndProject
Project("{54435603-DBB4-11D2-8724-00A0C9A8B90C}") = "MCEBuddy.Setup", "MCEBuddy.Setup\MCEBuddy.Setup.vdproj", "{C8EB27CC-F194-492A-95BD-F729FDD413C8}"
	ProjectSection(ProjectDependencies) = postProject
		{0DF6FB06-4CD2-47BD-89D8-36BE8338673C} = {0DF6FB06-4CD2-47BD-89D8-36BE8338673C}
		{9DB8E317-C643-4DBC-8EBE-B44570F74428} = {9DB8E317-C643-4DBC-8EBE-B44570F74428}
		{A3AA78D8-F912-41EC-844B-48C84E5032BB} = {A3AA78D8-F912-41EC-844B-48C84E5032BB}
		{88EAFADB-6887-4F5F-A715-1BF4B23CA946} = {88EAFADB-6887-4F5F-A715-1BF4B23CA946}
		{298B38E2-57D4-459D-8EB9-529E95F41DC7} = {298B38E2-57D4-459D-8EB9-529E95F41DC7}
		{7E8D78E7-1A6F-4D60-A25E-246CEAECBFD0} = {7E8D78E7-1A6F-4D60-A25E-246CEAECBFD0}
		{CE009BFA-5EF6-4153-B2A1-2FA79698A9AE} = {CE009BFA-5EF6-4153-B2A1-2FA79698A9AE}
	EndProjectSection
EndProject
Project("{2150E333-8FDC-42A3-9474-1A3956D46DE8}") = "Documents", "Documents", "{AD64FC67-6C74-42D3-ADBD-B7D4C7674114}"
	ProjectSection(SolutionItems) = preProject
		Lib\localisation\en.TXT = Lib\localisation\en.TXT
		Lib\config\mcebuddy.conf = Lib\config\mcebuddy.conf
		MCEBuddy2-HP.pfx = MCEBuddy2-HP.pfx
		Lib\config\profiles.conf = Lib\config\profiles.conf
	EndProjectSection
EndProject
Project("{2150E333-8FDC-42A3-9474-1A3956D46DE8}") = "Tool Sources", "Tool Sources", "{967DDBF7-A2A6-4508-A429-9DF4AB237CCB}"
	ProjectSection(SolutionItems) = preProject
		Tool.Sources\AtomicParsley Builds.url = Tool.Sources\AtomicParsley Builds.url
		Tool.Sources\Comskip Builds.url = Tool.Sources\Comskip Builds.url
		Tool.Sources\FFmpeg Builds ALTERNATE.url = Tool.Sources\FFmpeg Builds ALTERNATE.url
		Tool.Sources\FFmpeg Builds with AAC.url = Tool.Sources\FFmpeg Builds with AAC.url
		Tool.Sources\HandBrake Builds.url = Tool.Sources\HandBrake Builds.url
		Tool.Sources\MediaInfo Builds.url = Tool.Sources\MediaInfo Builds.url
		Tool.Sources\Mencoder Builds.url = Tool.Sources\Mencoder Builds.url
		Tool.Sources\MP4Box Builds.url = Tool.Sources\MP4Box Builds.url
		Tool.Sources\TSMuxer Builds.url = Tool.Sources\TSMuxer Builds.url
	EndProjectSection
EndProject
Project("{2150E333-8FDC-42A3-9474-1A3956D46DE8}") = "Video Tools Manuals", "Video Tools Manuals", "{E5F59F59-EE3C-4E18-9A86-4979C5BDE24E}"
	ProjectSection(SolutionItems) = preProject
		VideoToolManuals\MediaInfo_CLI_Help.doc = VideoToolManuals\MediaInfo_CLI_Help.doc
		VideoToolManuals\mEncoder.html = VideoToolManuals\mEncoder.html
		VideoToolManuals\Using FFmpeg.pdf = VideoToolManuals\Using FFmpeg.pdf
		VideoToolManuals\Using HandBrakeCLI.pdf = VideoToolManuals\Using HandBrakeCLI.pdf
		VideoToolManuals\Using Mencoder.pdf = VideoToolManuals\Using Mencoder.pdf
		VideoToolManuals\Using mkvmerge.pdf = VideoToolManuals\Using mkvmerge.pdf
		VideoToolManuals\Using MP4Box.pdf = VideoToolManuals\Using MP4Box.pdf
		VideoToolManuals\X264 Settings - MeWiki.mht = VideoToolManuals\X264 Settings - MeWiki.mht
	EndProjectSection
EndProject
Project("{2150E333-8FDC-42A3-9474-1A3956D46DE8}") = "Media", "Media", "{3F9DAB3D-9816-4302-AEC0-98C5A9D8C65D}"
	ProjectSection(SolutionItems) = preProject
		Lib.Docs\3d-up-and-down-arrow.png = Lib.Docs\3d-up-and-down-arrow.png
		Lib.Docs\BoxCover-1.psd = Lib.Docs\BoxCover-1.psd
		Lib.Docs\bug.jpg = Lib.Docs\bug.jpg
		Lib.Docs\bug_transparent.png = Lib.Docs\bug_transparent.png
		Lib.Docs\bugmedium.jpg = Lib.Docs\bugmedium.jpg
		Lib.Docs\bugsmall.jpg = Lib.Docs\bugsmall.jpg
		Lib.Docs\CPL License.rtf = Lib.Docs\CPL License.rtf
		Lib.Docs\dude1.png = Lib.Docs\dude1.png
		Lib.Docs\Facebook_like_thumb_256px.png = Lib.Docs\Facebook_like_thumb_256px.png
		Lib.Docs\favicon.ico = Lib.Docs\favicon.ico
		Lib.Docs\film.png = Lib.Docs\film.png
		Lib.Docs\MCEBuddy-Base.3DPS = Lib.Docs\MCEBuddy-Base.3DPS
		Lib.Docs\MCEBuddy-Box-Back-Base.jpg = Lib.Docs\MCEBuddy-Box-Back-Base.jpg
		Lib.Docs\MCEBuddy-Box-Back-Base.psd = Lib.Docs\MCEBuddy-Box-Back-Base.psd
		Lib.Docs\MCEBuddy-Box-Bottom-Base.psd = Lib.Docs\MCEBuddy-Box-Bottom-Base.psd
		Lib.Docs\MCEBuddy-Box-Front-Base.jpg = Lib.Docs\MCEBuddy-Box-Front-Base.jpg
		Lib.Docs\MCEBuddy-Box-Front-Base.psd = Lib.Docs\MCEBuddy-Box-Front-Base.psd
		Lib.Docs\MCEBuddy-Box-Side-Base.jpg = Lib.Docs\MCEBuddy-Box-Side-Base.jpg
		Lib.Docs\MCEBuddy-Box-Side-Base.psd = Lib.Docs\MCEBuddy-Box-Side-Base.psd
		Lib.Docs\MCEBuddy-Box-Top-Base.psd = Lib.Docs\MCEBuddy-Box-Top-Base.psd
		Lib.Docs\MCEBuddy20SetupSplash.jpg = Lib.Docs\MCEBuddy20SetupSplash.jpg
		Lib.Docs\MCEBuddy50Bug.png = Lib.Docs\MCEBuddy50Bug.png
		Lib.Docs\MCEBuddy50High.png = Lib.Docs\MCEBuddy50High.png
		Lib.Docs\MCEBuddy50IconSquare.pdn = Lib.Docs\MCEBuddy50IconSquare.pdn
		Lib.Docs\mcebuddy_close.png = Lib.Docs\mcebuddy_close.png
		Lib.Docs\MCEBuddy_Converting1.ico = Lib.Docs\MCEBuddy_Converting1.ico
		Lib.Docs\MCEBuddy_Converting2.ico = Lib.Docs\MCEBuddy_Converting2.ico
		Lib.Docs\MCEBuddy_Converting3.ico = Lib.Docs\MCEBuddy_Converting3.ico
		Lib.Docs\MCEBuddy_Converting4.ico = Lib.Docs\MCEBuddy_Converting4.ico
		Lib.Docs\MCEBuddy_Icon.ico = Lib.Docs\MCEBuddy_Icon.ico
		Lib.Docs\MCEBuddy_ServicePending.ico = Lib.Docs\MCEBuddy_ServicePending.ico
		Lib.Docs\MCEBuddy_ServiceStarted.ico = Lib.Docs\MCEBuddy_ServiceStarted.ico
		Lib.Docs\MCEBuddy_ServiceStopped.ico = Lib.Docs\MCEBuddy_ServiceStopped.ico
		Lib.Docs\MCEBuddyBox.bmp = Lib.Docs\MCEBuddyBox.bmp
		Lib.Docs\MCEBuddyFileThumbnail_112x122.png = Lib.Docs\MCEBuddyFileThumbnail_112x122.png
		Lib.Docs\MCEBuddyIcon-16x16.gif = Lib.Docs\MCEBuddyIcon-16x16.gif
		Lib.Docs\MCEBuddyIcon-16x16.psd = Lib.Docs\MCEBuddyIcon-16x16.psd
		Lib.Docs\MCEBuddyIcon-24x24.gif = Lib.Docs\MCEBuddyIcon-24x24.gif
		Lib.Docs\MCEBuddyIcon-24x24.psd = Lib.Docs\MCEBuddyIcon-24x24.psd
		Lib.Docs\MCEBuddyIcon-32x32.gif = Lib.Docs\MCEBuddyIcon-32x32.gif
		Lib.Docs\MCEBuddyIcon-32x32.psd = Lib.Docs\MCEBuddyIcon-32x32.psd
		Lib.Docs\MCEBuddyIcon_24x24.ico = Lib.Docs\MCEBuddyIcon_24x24.ico
		Lib.Docs\MCEBuddyIcon_32x32.ico = Lib.Docs\MCEBuddyIcon_32x32.ico
		Lib.Docs\MCEBuddyIconSquare-24x24.png = Lib.Docs\MCEBuddyIconSquare-24x24.png
		Lib.Docs\MCEBuddyIconSquare-32x32.png = Lib.Docs\MCEBuddyIconSquare-32x32.png
		Lib.Docs\MCEBuddyLarge.jpg = Lib.Docs\MCEBuddyLarge.jpg
		Lib.Docs\MCEBuddyNewVersion.wmv = Lib.Docs\MCEBuddyNewVersion.wmv
		Lib.Docs\MCEBuddySetupSplash-BETA13.pdn = Lib.Docs\MCEBuddySetupSplash-BETA13.pdn
		Lib.Docs\MCEBuddySetupSplash.pdn = Lib.Docs\MCEBuddySetupSplash.pdn
		Lib.Docs\MCEBuddySetupSplash.psd = Lib.Docs\MCEBuddySetupSplash.psd
		Lib.Docs\MCEBuddySetupSplashBlank.bmp = Lib.Docs\MCEBuddySetupSplashBlank.bmp
		Lib.Docs\MCEBuddyUpdate 20x20.png = Lib.Docs\MCEBuddyUpdate 20x20.png
		Lib.Docs\MCEBuddyUpdate.ico = Lib.Docs\MCEBuddyUpdate.ico
		Lib.Docs\media_play_green.png = Lib.Docs\media_play_green.png
		Lib.Docs\movie.png = Lib.Docs\movie.png
		Lib.Docs\movie_23x23.png = Lib.Docs\movie_23x23.png
		Lib.Docs\movie_pause.png = Lib.Docs\movie_pause.png
		Lib.Docs\movie_run.png = Lib.Docs\movie_run.png
		Lib.Docs\movie_stop.png = Lib.Docs\movie_stop.png
		Lib.Docs\movie_view.png = Lib.Docs\movie_view.png
		Lib.Docs\New-04-june.gif = Lib.Docs\New-04-june.gif
		Lib.Docs\paypal-donate.gif = Lib.Docs\paypal-donate.gif
		Lib.Docs\plasma-tv.png = Lib.Docs\plasma-tv.png
		Lib.Docs\stop.png = Lib.Docs\stop.png
		Lib.Docs\tv.png = Lib.Docs\tv.png
		Lib.Docs\UserCredentials.gif = Lib.Docs\UserCredentials.gif
		Lib.Docs\UserCredentials.ico = Lib.Docs\UserCredentials.ico
		Lib.Docs\UserCredentials.jpg = Lib.Docs\UserCredentials.jpg
		Lib.Docs\UserCredentials.psd = Lib.Docs\UserCredentials.psd
	EndProjectSection
EndProject
Project("{2150E333-8FDC-42A3-9474-1A3956D46DE8}") = "Dev-Build Tools", "Dev-Build Tools", "{B8123E95-455B-4CC6-9FF3-6209FBF78072}"
	ProjectSection(SolutionItems) = preProject
		Lib\7zip\7za.exe = Lib\7zip\7za.exe
		Distributions\RenameAndMoveBuild.bat = Distributions\RenameAndMoveBuild.bat
	EndProjectSection
EndProject
Project("{54435603-DBB4-11D2-8724-00A0C9A8B90C}") = "MCEBuddy.Setup64", "MCEBuddy.Setup64\MCEBuddy.Setup64.vdproj", "{4E9EB3FA-B2AA-4B5E-BB2E-373D8227809D}"
EndProject
Project("{2150E333-8FDC-42A3-9474-1A3956D46DE8}") = "SetupPatch", "SetupPatch", "{D54681DC-2877-45BE-88C5-88D16F455093}"
	ProjectSection(SolutionItems) = preProject
		SetupPatch\CustomAction.vbs = SetupPatch\CustomAction.vbs
		SetupPatch\InstallUtilLib.dll = SetupPatch\InstallUtilLib.dll
		SetupPatch\ManageService.vbs = SetupPatch\ManageService.vbs
		SetupPatch\MSI_SetActionSequence.js = SetupPatch\MSI_SetActionSequence.js
		SetupPatch\Orca Instructions.txt = SetupPatch\Orca Instructions.txt
		SetupPatch\WiRunSQL.vbs = SetupPatch\WiRunSQL.vbs
		SetupPatch\WiStream.vbs = SetupPatch\WiStream.vbs
	EndProjectSection
EndProject
Project("{FAE04EC0-301F-11D3-BF4B-00C04F79EFBC}") = "MCEBuddy.GenLocalised", "MCEBuddy.GenLocalised\MCEBuddy.GenLocalised.csproj", "{A95894D4-BDF9-48A7-82D7-2DAA1F95FF45}"
EndProject
Project("{2150E333-8FDC-42A3-9474-1A3956D46DE8}") = "Extras", "Extras", "{CB7872DC-F585-4F3D-973B-18116ABD25F3}"
	ProjectSection(SolutionItems) = preProject
		Lib\bing\Bing AppID.txt = Lib\bing\Bing AppID.txt
	EndProjectSection
EndProject
Project("{2150E333-8FDC-42A3-9474-1A3956D46DE8}") = "UserTranslations", "UserTranslations", "{78901F8D-8000-4A1A-9929-394E9787FFA0}"
	ProjectSection(SolutionItems) = preProject
		Lib\localisation\da-fixed.txt = Lib\localisation\da-fixed.txt
		Lib\localisation\de-fixed.txt = Lib\localisation\de-fixed.txt
		Lib\localisation\nl-fixed.txt = Lib\localisation\nl-fixed.txt
	EndProjectSection
EndProject
Project("{FAE04EC0-301F-11D3-BF4B-00C04F79EFBC}") = "MCEBuddy.Configuration", "MCEBuddy.Configuration\MCEBuddy.Configuration.csproj", "{EA3FAF4F-610D-4394-9BF6-75798AA17541}"
EndProject
Project("{2150E333-8FDC-42A3-9474-1A3956D46DE8}") = "Translations", "Translations", "{E2E69410-C06A-4091-AC85-1F97CEA9A941}"
	ProjectSection(SolutionItems) = preProject
		Lib\localisation\ar.txt = Lib\localisation\ar.txt
		Lib\localisation\bg.txt = Lib\localisation\bg.txt
		Lib\localisation\ca.txt = Lib\localisation\ca.txt
		Lib\localisation\cs.txt = Lib\localisation\cs.txt
		Lib\localisation\cy.txt = Lib\localisation\cy.txt
		Lib\localisation\da.txt = Lib\localisation\da.txt
		Lib\localisation\de.txt = Lib\localisation\de.txt
		Lib\localisation\el.txt = Lib\localisation\el.txt
		Lib\localisation\en.TXT = Lib\localisation\en.TXT
		Lib\localisation\es.txt = Lib\localisation\es.txt
		Lib\localisation\et.txt = Lib\localisation\et.txt
		Lib\localisation\fa.txt = Lib\localisation\fa.txt
		Lib\localisation\fi.txt = Lib\localisation\fi.txt
		Lib\localisation\fr.txt = Lib\localisation\fr.txt
		Lib\localisation\he.txt = Lib\localisation\he.txt
		Lib\localisation\hi.txt = Lib\localisation\hi.txt
		Lib\localisation\ht.txt = Lib\localisation\ht.txt
		Lib\localisation\hu.txt = Lib\localisation\hu.txt
		Lib\localisation\id.txt = Lib\localisation\id.txt
		Lib\localisation\it.txt = Lib\localisation\it.txt
		Lib\localisation\ja.txt = Lib\localisation\ja.txt
		Lib\localisation\ko.txt = Lib\localisation\ko.txt
		Lib\localisation\lt.txt = Lib\localisation\lt.txt
		Lib\localisation\lv.txt = Lib\localisation\lv.txt
		Lib\localisation\ms.txt = Lib\localisation\ms.txt
		Lib\localisation\mt.txt = Lib\localisation\mt.txt
		Lib\localisation\mww.txt = Lib\localisation\mww.txt
		Lib\localisation\nl.txt = Lib\localisation\nl.txt
		Lib\localisation\no.txt = Lib\localisation\no.txt
		Lib\localisation\pl.txt = Lib\localisation\pl.txt
		Lib\localisation\pt.txt = Lib\localisation\pt.txt
		Lib\localisation\ro.txt = Lib\localisation\ro.txt
		Lib\localisation\ru.txt = Lib\localisation\ru.txt
		Lib\localisation\sk.txt = Lib\localisation\sk.txt
		Lib\localisation\sl.txt = Lib\localisation\sl.txt
		Lib\localisation\sv.txt = Lib\localisation\sv.txt
		Lib\localisation\th.txt = Lib\localisation\th.txt
		Lib\localisation\tlh-Qaak.txt = Lib\localisation\tlh-Qaak.txt
		Lib\localisation\tlh-QON.txt = Lib\localisation\tlh-QON.txt
		Lib\localisation\tlh.txt = Lib\localisation\tlh.txt
		Lib\localisation\tr.txt = Lib\localisation\tr.txt
		Lib\localisation\uk.txt = Lib\localisation\uk.txt
		Lib\localisation\ur.txt = Lib\localisation\ur.txt
		Lib\localisation\vi.txt = Lib\localisation\vi.txt
		Lib\localisation\zh-CHS.txt = Lib\localisation\zh-CHS.txt
		Lib\localisation\zh-CHT.txt = Lib\localisation\zh-CHT.txt
		Lib\localisation\zh.txt = Lib\localisation\zh.txt
	EndProjectSection
EndProject
Project("{54435603-DBB4-11D2-8724-00A0C9A8B90C}") = "MCEBuddy.SetupRemoteClient", "MCEBuddy.SetupClient\SetupClient.vdproj", "{70558A82-984F-4855-B302-C8B87D60C143}"
EndProject
Project("{FAE04EC0-301F-11D3-BF4B-00C04F79EFBC}") = "MCEBuddy.EMailEngine", "MCEBuddy.EMailEngine\MCEBuddy.EMailEngine.csproj", "{7D6404A3-3FD5-49CF-B820-7DBEB7C8DCF2}"
EndProject
Project("{2150E333-8FDC-42A3-9474-1A3956D46DE8}") = "ffmpeg build mingw-w64", "ffmpeg build mingw-w64", "{B7540B85-A490-489C-887A-F1EB761CBC48}"
	ProjectSection(SolutionItems) = preProject
		packages\ffmpeg\collect.sh = packages\ffmpeg\collect.sh
		packages\ffmpeg\cross_compile_ffmpeg.sh = packages\ffmpeg\cross_compile_ffmpeg.sh
		packages\ffmpeg\FFMpeg Custom Build.txt = packages\ffmpeg\FFMpeg Custom Build.txt
	EndProjectSection
EndProject
Project("{2150E333-8FDC-42A3-9474-1A3956D46DE8}") = "Third Party Libraries", "Third Party Libraries", "{57924F14-8121-4568-9FC1-9CED0A821D78}"
EndProject
Project("{FAE04EC0-301F-11D3-BF4B-00C04F79EFBC}") = "RestSharp", "ThirdPartyUnmodifiedLibraries\RestSharp\RestSharp.csproj", "{2ECECFBF-5F3E-40EE-A963-72336DC7ABE2}"
EndProject
Project("{FAE04EC0-301F-11D3-BF4B-00C04F79EFBC}") = "ManagedUPnP", "ThirdPartyUnmodifiedLibraries\ManagedUPnP\ManagedUPnP.csproj", "{5956DABC-C1AB-498E-B8C8-F62ED6DCD30C}"
EndProject
Project("{FAE04EC0-301F-11D3-BF4B-00C04F79EFBC}") = "TagLibSharp", "ThirdPartyUnmodifiedLibraries\TagLibSharp\TagLibSharp.csproj", "{6B143A39-C7B2-4743-9917-92262C60E9A6}"
EndProject
Project("{FAE04EC0-301F-11D3-BF4B-00C04F79EFBC}") = "MCEBuddy.RemuxTiVOStreams", "MCEBuddy.RemuxTiVOStreams\MCEBuddy.RemuxTiVOStreams.csproj", "{FA2243B2-460B-4E08-B53C-8C95E51ABD82}"
EndProject
Project("{2150E333-8FDC-42A3-9474-1A3956D46DE8}") = "libOpenCL", "libOpenCL", "{2ED39186-C655-47E8-BE3F-BBD7BFCF8E52}"
EndProject
Project("{2150E333-8FDC-42A3-9474-1A3956D46DE8}") = "headers", "headers", "{573FA562-2FFA-456A-BEC2-2CAF770E2208}"
EndProject
Project("{2150E333-8FDC-42A3-9474-1A3956D46DE8}") = "lib x86", "lib x86", "{E0812713-A3FB-4BCE-AAE1-68F8C34B1B12}"
	ProjectSection(SolutionItems) = preProject
		packages\ffmpeg\libOpenCL\lib x86\libOpenCL.a = packages\ffmpeg\libOpenCL\lib x86\libOpenCL.a
	EndProjectSection
EndProject
Project("{2150E333-8FDC-42A3-9474-1A3956D46DE8}") = "lib x64", "lib x64", "{20DAC19E-ED49-4819-AE22-CD002E492018}"
	ProjectSection(SolutionItems) = preProject
		packages\ffmpeg\libOpenCL\lib x64\libOpenCL.a = packages\ffmpeg\libOpenCL\lib x64\libOpenCL.a
	EndProjectSection
EndProject
Project("{2150E333-8FDC-42A3-9474-1A3956D46DE8}") = "CL", "CL", "{44EE16D4-F9ED-419C-BE8A-505FA75D90B1}"
	ProjectSection(SolutionItems) = preProject
		packages\ffmpeg\libOpenCL\headers\CL\cl.h = packages\ffmpeg\libOpenCL\headers\CL\cl.h
		packages\ffmpeg\libOpenCL\headers\CL\cl.hpp = packages\ffmpeg\libOpenCL\headers\CL\cl.hpp
		packages\ffmpeg\libOpenCL\headers\CL\cl_d3d10.h = packages\ffmpeg\libOpenCL\headers\CL\cl_d3d10.h
		packages\ffmpeg\libOpenCL\headers\CL\cl_d3d11.h = packages\ffmpeg\libOpenCL\headers\CL\cl_d3d11.h
		packages\ffmpeg\libOpenCL\headers\CL\cl_dx9_media_sharing.h = packages\ffmpeg\libOpenCL\headers\CL\cl_dx9_media_sharing.h
		packages\ffmpeg\libOpenCL\headers\CL\cl_ext.h = packages\ffmpeg\libOpenCL\headers\CL\cl_ext.h
		packages\ffmpeg\libOpenCL\headers\CL\cl_gl.h = packages\ffmpeg\libOpenCL\headers\CL\cl_gl.h
		packages\ffmpeg\libOpenCL\headers\CL\cl_gl_ext.h = packages\ffmpeg\libOpenCL\headers\CL\cl_gl_ext.h
		packages\ffmpeg\libOpenCL\headers\CL\cl_platform.h = packages\ffmpeg\libOpenCL\headers\CL\cl_platform.h
		packages\ffmpeg\libOpenCL\headers\CL\opencl.h = packages\ffmpeg\libOpenCL\headers\CL\opencl.h
	EndProjectSection
EndProject
Project("{2150E333-8FDC-42A3-9474-1A3956D46DE8}") = "Placeholder", "Placeholder", "{61F2603C-2232-4A4D-89CE-BD0882859372}"
	ProjectSection(SolutionItems) = preProject
		Lib\avidemux\AVIDemuxEmpty.txt = Lib\avidemux\AVIDemuxEmpty.txt
		Lib\handbrake\HandbrakeEmpty.txt = Lib\handbrake\HandbrakeEmpty.txt
		Lib\mkvmerge\MKVMergeEmpty.txt = Lib\mkvmerge\MKVMergeEmpty.txt
		Lib\mp4box\MP4BoxEmpty.txt = Lib\mp4box\MP4BoxEmpty.txt
	EndProjectSection
EndProject
Project("{FAE04EC0-301F-11D3-BF4B-00C04F79EFBC}") = "MCEBuddy.UserCLI", "MCEBuddy.UserCLI\MCEBuddy.UserCLI.csproj", "{B273B770-A1F7-46B8-980D-F06314CF5BDB}"
EndProject
Project("{FAE04EC0-301F-11D3-BF4B-00C04F79EFBC}") = "DirectShowLib.Net", "ThirdPartyUnmodifiedLibraries\DirectShowLib.NET\DirectShowLib.Net.csproj", "{CE009BFA-5EF6-4153-B2A1-2FA79698A9AE}"
EndProject
Project("{FAE04EC0-301F-11D3-BF4B-00C04F79EFBC}") = "MCEBuddy.BaseClasses", "MCEBuddy.BaseClasses.NET\MCEBuddy.BaseClasses.csproj", "{2A8E8AF5-74E7-49DB-A42E-9360FA7A6CC4}"
EndProject
Project("{FAE04EC0-301F-11D3-BF4B-00C04F79EFBC}") = "TMDbLib", "ThirdPartyUnmodifiedLibraries\TMDbLib\TMDbLib.csproj", "{C0006F17-212A-474F-983E-7DA2F91E0233}"
EndProject
Global
	GlobalSection(TeamFoundationVersionControl) = preSolution
		SccNumberOfProjects = 29
		SccEnterpriseProvider = {4CA58AB2-18FA-4F8D-95D4-32DDF27D184C}
		SccTeamFoundationServer = https://tfs.codeplex.com/tfs/tfs21
		SccLocalPath0 = .
		SccProjectUniqueName1 = MCEBuddy.AppWrapper\\MCEBuddy.AppWrapper.csproj
		SccProjectName1 = MCEBuddy.AppWrapper
		SccLocalPath1 = MCEBuddy.AppWrapper
		SccProjectUniqueName2 = MCEBuddy.CommercialScan\\MCEBuddy.CommercialScan.csproj
		SccProjectName2 = MCEBuddy.CommercialScan
		SccLocalPath2 = MCEBuddy.CommercialScan
		SccProjectUniqueName3 = MCEBuddy.Configuration\\MCEBuddy.Configuration.csproj
		SccProjectName3 = MCEBuddy.Configuration
		SccLocalPath3 = MCEBuddy.Configuration
		SccProjectUniqueName4 = MCEBuddy.Engine\\MCEBuddy.Engine.csproj
		SccProjectName4 = MCEBuddy.Engine
		SccLocalPath4 = MCEBuddy.Engine
		SccProjectUniqueName5 = MCEBuddy.GenLocalised\\MCEBuddy.GenLocalised.csproj
		SccProjectName5 = MCEBuddy.GenLocalised
		SccLocalPath5 = MCEBuddy.GenLocalised
		SccProjectUniqueName6 = MCEBuddy.Globals\\MCEBuddy.Globals.csproj
		SccProjectName6 = MCEBuddy.Globals
		SccLocalPath6 = MCEBuddy.Globals
		SccProjectUniqueName7 = MCEBuddy.GUI\\MCEBuddy.GUI.csproj
		SccProjectName7 = MCEBuddy.GUI
		SccLocalPath7 = MCEBuddy.GUI
		SccProjectUniqueName8 = MCEBuddy.MetaData\\MCEBuddy.MetaData.csproj
		SccProjectName8 = MCEBuddy.MetaData
		SccLocalPath8 = MCEBuddy.MetaData
		SccProjectUniqueName9 = MCEBuddy.RemuxMediaCenter\\MCEBuddy.RemuxMediaCenter.csproj
		SccProjectName9 = MCEBuddy.RemuxMediaCenter
		SccLocalPath9 = MCEBuddy.RemuxMediaCenter
		SccProjectUniqueName10 = MCEBuddy.Service\\MCEBuddy.Service.csproj
		SccProjectName10 = MCEBuddy.Service
		SccLocalPath10 = MCEBuddy.Service
		SccProjectUniqueName11 = MCEBuddy.ServiceCMD\\MCEBuddy.ServiceCMD.csproj
		SccProjectName11 = MCEBuddy.ServiceCMD
		SccLocalPath11 = MCEBuddy.ServiceCMD
		SccProjectUniqueName12 = MCEBuddy.Setup64\\MCEBuddy.Setup64.vdproj
		SccProjectName12 = MCEBuddy.Setup64
		SccLocalPath12 = MCEBuddy.Setup64
		SccProjectUniqueName13 = MCEBuddy.Setup\\MCEBuddy.Setup.vdproj
		SccProjectName13 = MCEBuddy.Setup
		SccLocalPath13 = MCEBuddy.Setup
		SccProjectUniqueName14 = MCEBuddy.Transcode\\MCEBuddy.Transcode.csproj
		SccProjectName14 = MCEBuddy.Transcode
		SccLocalPath14 = MCEBuddy.Transcode
		SccProjectUniqueName15 = MCEBuddy.Util\\MCEBuddy.Util.csproj
		SccProjectName15 = MCEBuddy.Util
		SccLocalPath15 = MCEBuddy.Util
		SccProjectUniqueName16 = MCEBuddy.SetupClient\\SetupClient.vdproj
		SccProjectName16 = MCEBuddy.SetupClient
		SccLocalPath16 = MCEBuddy.SetupClient
		SccProjectUniqueName17 = MCEBuddy.VideoInfo\\MCEBuddy.VideoProperties.csproj
		SccProjectName17 = MCEBuddy.VideoInfo
		SccLocalPath17 = MCEBuddy.VideoInfo
		SccProjectUniqueName18 = MCEBuddy.EMailEngine\\MCEBuddy.EMailEngine.csproj
		SccProjectName18 = MCEBuddy.EMailEngine
		SccLocalPath18 = MCEBuddy.EMailEngine
		SccProjectUniqueName19 = MCEBuddy.ProgressODoom\\MCEBuddy.ProgressODoom.csproj
		SccProjectName19 = MCEBuddy.ProgressODoom
		SccLocalPath19 = MCEBuddy.ProgressODoom
		SccProjectUniqueName20 = ThirdPartyUnmodifiedLibraries\\RestSharp\\RestSharp.csproj
		SccProjectTopLevelParentUniqueName20 = MCEBuddy2x.sln
		SccProjectName20 = ThirdPartyUnmodifiedLibraries/RestSharp
		SccLocalPath20 = ThirdPartyUnmodifiedLibraries\\RestSharp
		SccProjectUniqueName21 = ThirdPartyUnmodifiedLibraries\\ManagedUPnP\\ManagedUPnP.csproj
		SccProjectTopLevelParentUniqueName21 = MCEBuddy2x.sln
		SccProjectName21 = ThirdPartyUnmodifiedLibraries/ManagedUPnP
		SccLocalPath21 = ThirdPartyUnmodifiedLibraries\\ManagedUPnP
		SccProjectUniqueName22 = ThirdPartyUnmodifiedLibraries\\TagLibSharp\\TagLibSharp.csproj
		SccProjectTopLevelParentUniqueName22 = MCEBuddy2x.sln
		SccProjectName22 = ThirdPartyUnmodifiedLibraries/TagLibSharp
		SccLocalPath22 = ThirdPartyUnmodifiedLibraries\\TagLibSharp
		SccProjectUniqueName23 = MCEBuddy.RemuxTiVOStreams\\MCEBuddy.RemuxTiVOStreams.csproj
		SccProjectName23 = MCEBuddy.RemuxTiVOStreams
		SccLocalPath23 = MCEBuddy.RemuxTiVOStreams
		SccProjectUniqueName24 = MCEBuddy.UserCLI\\MCEBuddy.UserCLI.csproj
		SccProjectName24 = MCEBuddy.UserCLI
		SccLocalPath24 = MCEBuddy.UserCLI
		SccProjectUniqueName25 = MCEBuddy.CommandLine\\MCEBuddy.CommandLineParser.csproj
		SccProjectName25 = MCEBuddy.CommandLine
		SccLocalPath25 = MCEBuddy.CommandLine
		SccProjectUniqueName26 = ThirdPartyUnmodifiedLibraries\\DirectShowLib.NET\\DirectShowLib.Net.csproj
		SccProjectTopLevelParentUniqueName26 = MCEBuddy2x.sln
		SccProjectName26 = ThirdPartyUnmodifiedLibraries/DirectShowLib.NET
		SccLocalPath26 = ThirdPartyUnmodifiedLibraries\\DirectShowLib.NET
		SccProjectUniqueName27 = MCEBuddy.BaseClasses.NET\\MCEBuddy.BaseClasses.csproj
		SccProjectName27 = MCEBuddy.BaseClasses.NET
		SccLocalPath27 = MCEBuddy.BaseClasses.NET
		SccProjectUniqueName28 = ThirdPartyUnmodifiedLibraries\\TMDbLib\\TMDbLib.csproj
		SccProjectTopLevelParentUniqueName28 = MCEBuddy2x.sln
		SccProjectName28 = ThirdPartyUnmodifiedLibraries/TMDbLib
		SccLocalPath28 = ThirdPartyUnmodifiedLibraries\\TMDbLib
	EndGlobalSection
	GlobalSection(SolutionConfigurationPlatforms) = preSolution
		Debug|x64 = Debug|x64
		Debug|x86 = Debug|x86
		Release|x64 = Release|x64
		Release|x86 = Release|x86
	EndGlobalSection
	GlobalSection(ProjectConfigurationPlatforms) = postSolution
		{298B38E2-57D4-459D-8EB9-529E95F41DC7}.Debug|x64.ActiveCfg = Debug|Any CPU
		{298B38E2-57D4-459D-8EB9-529E95F41DC7}.Debug|x64.Build.0 = Debug|Any CPU
		{298B38E2-57D4-459D-8EB9-529E95F41DC7}.Debug|x86.ActiveCfg = Debug|Any CPU
		{298B38E2-57D4-459D-8EB9-529E95F41DC7}.Debug|x86.Build.0 = Debug|Any CPU
		{298B38E2-57D4-459D-8EB9-529E95F41DC7}.Release|x64.ActiveCfg = Release|Any CPU
		{298B38E2-57D4-459D-8EB9-529E95F41DC7}.Release|x64.Build.0 = Release|Any CPU
		{298B38E2-57D4-459D-8EB9-529E95F41DC7}.Release|x86.ActiveCfg = Release|Any CPU
		{298B38E2-57D4-459D-8EB9-529E95F41DC7}.Release|x86.Build.0 = Release|Any CPU
		{582764CD-025E-4CB1-B2C4-0C52A59BE74E}.Debug|x64.ActiveCfg = Debug|Any CPU
		{582764CD-025E-4CB1-B2C4-0C52A59BE74E}.Debug|x64.Build.0 = Debug|Any CPU
		{582764CD-025E-4CB1-B2C4-0C52A59BE74E}.Debug|x86.ActiveCfg = Debug|Any CPU
		{582764CD-025E-4CB1-B2C4-0C52A59BE74E}.Debug|x86.Build.0 = Debug|Any CPU
		{582764CD-025E-4CB1-B2C4-0C52A59BE74E}.Release|x64.ActiveCfg = Release|Any CPU
		{582764CD-025E-4CB1-B2C4-0C52A59BE74E}.Release|x64.Build.0 = Release|Any CPU
		{582764CD-025E-4CB1-B2C4-0C52A59BE74E}.Release|x86.ActiveCfg = Release|Any CPU
		{582764CD-025E-4CB1-B2C4-0C52A59BE74E}.Release|x86.Build.0 = Release|Any CPU
		{A3AA78D8-F912-41EC-844B-48C84E5032BB}.Debug|x64.ActiveCfg = Debug|Any CPU
		{A3AA78D8-F912-41EC-844B-48C84E5032BB}.Debug|x64.Build.0 = Debug|Any CPU
		{A3AA78D8-F912-41EC-844B-48C84E5032BB}.Debug|x86.ActiveCfg = Debug|Any CPU
		{A3AA78D8-F912-41EC-844B-48C84E5032BB}.Debug|x86.Build.0 = Debug|Any CPU
		{A3AA78D8-F912-41EC-844B-48C84E5032BB}.Release|x64.ActiveCfg = Release|Any CPU
		{A3AA78D8-F912-41EC-844B-48C84E5032BB}.Release|x64.Build.0 = Release|Any CPU
		{A3AA78D8-F912-41EC-844B-48C84E5032BB}.Release|x86.ActiveCfg = Release|Any CPU
		{A3AA78D8-F912-41EC-844B-48C84E5032BB}.Release|x86.Build.0 = Release|Any CPU
		{0DF6FB06-4CD2-47BD-89D8-36BE8338673C}.Debug|x64.ActiveCfg = Debug|Any CPU
		{0DF6FB06-4CD2-47BD-89D8-36BE8338673C}.Debug|x64.Build.0 = Debug|Any CPU
		{0DF6FB06-4CD2-47BD-89D8-36BE8338673C}.Debug|x86.ActiveCfg = Debug|Any CPU
		{0DF6FB06-4CD2-47BD-89D8-36BE8338673C}.Debug|x86.Build.0 = Debug|Any CPU
		{0DF6FB06-4CD2-47BD-89D8-36BE8338673C}.Release|x64.ActiveCfg = Release|Any CPU
		{0DF6FB06-4CD2-47BD-89D8-36BE8338673C}.Release|x64.Build.0 = Release|Any CPU
		{0DF6FB06-4CD2-47BD-89D8-36BE8338673C}.Release|x86.ActiveCfg = Release|Any CPU
		{0DF6FB06-4CD2-47BD-89D8-36BE8338673C}.Release|x86.Build.0 = Release|Any CPU
		{B8799D33-24DB-4E36-8113-05BEBB7FC88B}.Debug|x64.ActiveCfg = Debug|Any CPU
		{B8799D33-24DB-4E36-8113-05BEBB7FC88B}.Debug|x64.Build.0 = Debug|Any CPU
		{B8799D33-24DB-4E36-8113-05BEBB7FC88B}.Debug|x86.ActiveCfg = Debug|Any CPU
		{B8799D33-24DB-4E36-8113-05BEBB7FC88B}.Debug|x86.Build.0 = Debug|Any CPU
		{B8799D33-24DB-4E36-8113-05BEBB7FC88B}.Release|x64.ActiveCfg = Release|Any CPU
		{B8799D33-24DB-4E36-8113-05BEBB7FC88B}.Release|x64.Build.0 = Release|Any CPU
		{B8799D33-24DB-4E36-8113-05BEBB7FC88B}.Release|x86.ActiveCfg = Release|Any CPU
		{B8799D33-24DB-4E36-8113-05BEBB7FC88B}.Release|x86.Build.0 = Release|Any CPU
		{0D324A60-A350-422E-B522-12B9EAEFDAEC}.Debug|x64.ActiveCfg = Debug|Any CPU
		{0D324A60-A350-422E-B522-12B9EAEFDAEC}.Debug|x64.Build.0 = Debug|Any CPU
		{0D324A60-A350-422E-B522-12B9EAEFDAEC}.Debug|x86.ActiveCfg = Debug|Any CPU
		{0D324A60-A350-422E-B522-12B9EAEFDAEC}.Debug|x86.Build.0 = Debug|Any CPU
		{0D324A60-A350-422E-B522-12B9EAEFDAEC}.Release|x64.ActiveCfg = Release|Any CPU
		{0D324A60-A350-422E-B522-12B9EAEFDAEC}.Release|x64.Build.0 = Release|Any CPU
		{0D324A60-A350-422E-B522-12B9EAEFDAEC}.Release|x86.ActiveCfg = Release|Any CPU
		{0D324A60-A350-422E-B522-12B9EAEFDAEC}.Release|x86.Build.0 = Release|Any CPU
		{4E7DC789-3AE0-4E19-B1D0-D9186F9F9A98}.Debug|x64.ActiveCfg = Debug|Any CPU
		{4E7DC789-3AE0-4E19-B1D0-D9186F9F9A98}.Debug|x64.Build.0 = Debug|Any CPU
		{4E7DC789-3AE0-4E19-B1D0-D9186F9F9A98}.Debug|x86.ActiveCfg = Debug|Any CPU
		{4E7DC789-3AE0-4E19-B1D0-D9186F9F9A98}.Debug|x86.Build.0 = Debug|Any CPU
		{4E7DC789-3AE0-4E19-B1D0-D9186F9F9A98}.Release|x64.ActiveCfg = Release|Any CPU
		{4E7DC789-3AE0-4E19-B1D0-D9186F9F9A98}.Release|x64.Build.0 = Release|Any CPU
		{4E7DC789-3AE0-4E19-B1D0-D9186F9F9A98}.Release|x86.ActiveCfg = Release|Any CPU
		{4E7DC789-3AE0-4E19-B1D0-D9186F9F9A98}.Release|x86.Build.0 = Release|Any CPU
		{5DEA2811-2FFA-4959-830B-CAD3ACACABEB}.Debug|x64.ActiveCfg = Debug|Any CPU
		{5DEA2811-2FFA-4959-830B-CAD3ACACABEB}.Debug|x64.Build.0 = Debug|Any CPU
		{5DEA2811-2FFA-4959-830B-CAD3ACACABEB}.Debug|x86.ActiveCfg = Debug|Any CPU
		{5DEA2811-2FFA-4959-830B-CAD3ACACABEB}.Debug|x86.Build.0 = Debug|Any CPU
		{5DEA2811-2FFA-4959-830B-CAD3ACACABEB}.Release|x64.ActiveCfg = Release|Any CPU
		{5DEA2811-2FFA-4959-830B-CAD3ACACABEB}.Release|x64.Build.0 = Release|Any CPU
		{5DEA2811-2FFA-4959-830B-CAD3ACACABEB}.Release|x86.ActiveCfg = Release|Any CPU
		{5DEA2811-2FFA-4959-830B-CAD3ACACABEB}.Release|x86.Build.0 = Release|Any CPU
		{9DB8E317-C643-4DBC-8EBE-B44570F74428}.Debug|x64.ActiveCfg = Debug|Any CPU
		{9DB8E317-C643-4DBC-8EBE-B44570F74428}.Debug|x64.Build.0 = Debug|Any CPU
		{9DB8E317-C643-4DBC-8EBE-B44570F74428}.Debug|x86.ActiveCfg = Debug|Any CPU
		{9DB8E317-C643-4DBC-8EBE-B44570F74428}.Debug|x86.Build.0 = Debug|Any CPU
		{9DB8E317-C643-4DBC-8EBE-B44570F74428}.Release|x64.ActiveCfg = Release|Any CPU
		{9DB8E317-C643-4DBC-8EBE-B44570F74428}.Release|x64.Build.0 = Release|Any CPU
		{9DB8E317-C643-4DBC-8EBE-B44570F74428}.Release|x86.ActiveCfg = Release|Any CPU
		{9DB8E317-C643-4DBC-8EBE-B44570F74428}.Release|x86.Build.0 = Release|Any CPU
		{8DD1E84B-0B03-4C0B-9B42-1E49F75E7CB1}.Debug|x64.ActiveCfg = Debug|Any CPU
		{8DD1E84B-0B03-4C0B-9B42-1E49F75E7CB1}.Debug|x64.Build.0 = Debug|Any CPU
		{8DD1E84B-0B03-4C0B-9B42-1E49F75E7CB1}.Debug|x86.ActiveCfg = Debug|Any CPU
		{8DD1E84B-0B03-4C0B-9B42-1E49F75E7CB1}.Debug|x86.Build.0 = Debug|Any CPU
		{8DD1E84B-0B03-4C0B-9B42-1E49F75E7CB1}.Release|x64.ActiveCfg = Release|Any CPU
		{8DD1E84B-0B03-4C0B-9B42-1E49F75E7CB1}.Release|x64.Build.0 = Release|Any CPU
		{8DD1E84B-0B03-4C0B-9B42-1E49F75E7CB1}.Release|x86.ActiveCfg = Release|Any CPU
		{8DD1E84B-0B03-4C0B-9B42-1E49F75E7CB1}.Release|x86.Build.0 = Release|Any CPU
		{BAD042C9-4BF3-4906-ACED-FFCA708C3157}.Debug|x64.ActiveCfg = Debug|Any CPU
		{BAD042C9-4BF3-4906-ACED-FFCA708C3157}.Debug|x64.Build.0 = Debug|Any CPU
		{BAD042C9-4BF3-4906-ACED-FFCA708C3157}.Debug|x86.ActiveCfg = Debug|Any CPU
		{BAD042C9-4BF3-4906-ACED-FFCA708C3157}.Debug|x86.Build.0 = Debug|Any CPU
		{BAD042C9-4BF3-4906-ACED-FFCA708C3157}.Release|x64.ActiveCfg = Release|Any CPU
		{BAD042C9-4BF3-4906-ACED-FFCA708C3157}.Release|x64.Build.0 = Release|Any CPU
		{BAD042C9-4BF3-4906-ACED-FFCA708C3157}.Release|x86.ActiveCfg = Release|Any CPU
		{BAD042C9-4BF3-4906-ACED-FFCA708C3157}.Release|x86.Build.0 = Release|Any CPU
		{4FE920D5-ED36-45A6-B1EE-82F40C62B151}.Debug|x64.ActiveCfg = Debug|x64
		{4FE920D5-ED36-45A6-B1EE-82F40C62B151}.Debug|x64.Build.0 = Debug|x64
		{4FE920D5-ED36-45A6-B1EE-82F40C62B151}.Debug|x86.ActiveCfg = Debug|x86
		{4FE920D5-ED36-45A6-B1EE-82F40C62B151}.Debug|x86.Build.0 = Debug|x86
		{4FE920D5-ED36-45A6-B1EE-82F40C62B151}.Release|x64.ActiveCfg = Release|x64
		{4FE920D5-ED36-45A6-B1EE-82F40C62B151}.Release|x64.Build.0 = Release|x64
		{4FE920D5-ED36-45A6-B1EE-82F40C62B151}.Release|x86.ActiveCfg = Release|x86
		{4FE920D5-ED36-45A6-B1EE-82F40C62B151}.Release|x86.Build.0 = Release|x86
		{88EAFADB-6887-4F5F-A715-1BF4B23CA946}.Debug|x64.ActiveCfg = Debug|x64
		{88EAFADB-6887-4F5F-A715-1BF4B23CA946}.Debug|x64.Build.0 = Debug|x64
		{88EAFADB-6887-4F5F-A715-1BF4B23CA946}.Debug|x86.ActiveCfg = Debug|x86
		{88EAFADB-6887-4F5F-A715-1BF4B23CA946}.Debug|x86.Build.0 = Debug|x86
		{88EAFADB-6887-4F5F-A715-1BF4B23CA946}.Release|x64.ActiveCfg = Release|x64
		{88EAFADB-6887-4F5F-A715-1BF4B23CA946}.Release|x64.Build.0 = Release|x64
		{88EAFADB-6887-4F5F-A715-1BF4B23CA946}.Release|x86.ActiveCfg = Release|x86
		{88EAFADB-6887-4F5F-A715-1BF4B23CA946}.Release|x86.Build.0 = Release|x86
		{7E8D78E7-1A6F-4D60-A25E-246CEAECBFD0}.Debug|x64.ActiveCfg = Debug|x64
		{7E8D78E7-1A6F-4D60-A25E-246CEAECBFD0}.Debug|x64.Build.0 = Debug|x64
		{7E8D78E7-1A6F-4D60-A25E-246CEAECBFD0}.Debug|x86.ActiveCfg = Debug|x86
		{7E8D78E7-1A6F-4D60-A25E-246CEAECBFD0}.Debug|x86.Build.0 = Debug|x86
		{7E8D78E7-1A6F-4D60-A25E-246CEAECBFD0}.Release|x64.ActiveCfg = Release|x64
		{7E8D78E7-1A6F-4D60-A25E-246CEAECBFD0}.Release|x64.Build.0 = Release|x64
		{7E8D78E7-1A6F-4D60-A25E-246CEAECBFD0}.Release|x86.ActiveCfg = Release|x86
		{7E8D78E7-1A6F-4D60-A25E-246CEAECBFD0}.Release|x86.Build.0 = Release|x86
		{C8EB27CC-F194-492A-95BD-F729FDD413C8}.Debug|x64.ActiveCfg = Debug
		{C8EB27CC-F194-492A-95BD-F729FDD413C8}.Debug|x86.ActiveCfg = Debug
		{C8EB27CC-F194-492A-95BD-F729FDD413C8}.Release|x64.ActiveCfg = Release
		{C8EB27CC-F194-492A-95BD-F729FDD413C8}.Release|x86.ActiveCfg = Release
		{C8EB27CC-F194-492A-95BD-F729FDD413C8}.Release|x86.Build.0 = Release
		{4E9EB3FA-B2AA-4B5E-BB2E-373D8227809D}.Debug|x64.ActiveCfg = Debug
		{4E9EB3FA-B2AA-4B5E-BB2E-373D8227809D}.Debug|x86.ActiveCfg = Debug
		{4E9EB3FA-B2AA-4B5E-BB2E-373D8227809D}.Release|x64.ActiveCfg = Release
		{4E9EB3FA-B2AA-4B5E-BB2E-373D8227809D}.Release|x64.Build.0 = Release
		{4E9EB3FA-B2AA-4B5E-BB2E-373D8227809D}.Release|x86.ActiveCfg = Release
		{A95894D4-BDF9-48A7-82D7-2DAA1F95FF45}.Debug|x64.ActiveCfg = Debug|x64
		{A95894D4-BDF9-48A7-82D7-2DAA1F95FF45}.Debug|x64.Build.0 = Debug|x64
		{A95894D4-BDF9-48A7-82D7-2DAA1F95FF45}.Debug|x86.ActiveCfg = Debug|x86
		{A95894D4-BDF9-48A7-82D7-2DAA1F95FF45}.Debug|x86.Build.0 = Debug|x86
		{A95894D4-BDF9-48A7-82D7-2DAA1F95FF45}.Release|x64.ActiveCfg = Release|x64
		{A95894D4-BDF9-48A7-82D7-2DAA1F95FF45}.Release|x64.Build.0 = Release|x64
		{A95894D4-BDF9-48A7-82D7-2DAA1F95FF45}.Release|x86.ActiveCfg = Release|x86
		{A95894D4-BDF9-48A7-82D7-2DAA1F95FF45}.Release|x86.Build.0 = Release|x86
		{EA3FAF4F-610D-4394-9BF6-75798AA17541}.Debug|x64.ActiveCfg = Debug|Any CPU
		{EA3FAF4F-610D-4394-9BF6-75798AA17541}.Debug|x64.Build.0 = Debug|Any CPU
		{EA3FAF4F-610D-4394-9BF6-75798AA17541}.Debug|x86.ActiveCfg = Debug|Any CPU
		{EA3FAF4F-610D-4394-9BF6-75798AA17541}.Debug|x86.Build.0 = Debug|Any CPU
		{EA3FAF4F-610D-4394-9BF6-75798AA17541}.Release|x64.ActiveCfg = Release|Any CPU
		{EA3FAF4F-610D-4394-9BF6-75798AA17541}.Release|x64.Build.0 = Release|Any CPU
		{EA3FAF4F-610D-4394-9BF6-75798AA17541}.Release|x86.ActiveCfg = Release|Any CPU
		{EA3FAF4F-610D-4394-9BF6-75798AA17541}.Release|x86.Build.0 = Release|Any CPU
		{70558A82-984F-4855-B302-C8B87D60C143}.Debug|x64.ActiveCfg = Debug
		{70558A82-984F-4855-B302-C8B87D60C143}.Debug|x86.ActiveCfg = Debug
		{70558A82-984F-4855-B302-C8B87D60C143}.Release|x64.ActiveCfg = Release
		{70558A82-984F-4855-B302-C8B87D60C143}.Release|x86.ActiveCfg = Release
		{70558A82-984F-4855-B302-C8B87D60C143}.Release|x86.Build.0 = Release
		{7D6404A3-3FD5-49CF-B820-7DBEB7C8DCF2}.Debug|x64.ActiveCfg = Debug|Any CPU
		{7D6404A3-3FD5-49CF-B820-7DBEB7C8DCF2}.Debug|x64.Build.0 = Debug|Any CPU
		{7D6404A3-3FD5-49CF-B820-7DBEB7C8DCF2}.Debug|x86.ActiveCfg = Debug|Any CPU
		{7D6404A3-3FD5-49CF-B820-7DBEB7C8DCF2}.Debug|x86.Build.0 = Debug|Any CPU
		{7D6404A3-3FD5-49CF-B820-7DBEB7C8DCF2}.Release|x64.ActiveCfg = Release|Any CPU
		{7D6404A3-3FD5-49CF-B820-7DBEB7C8DCF2}.Release|x64.Build.0 = Release|Any CPU
		{7D6404A3-3FD5-49CF-B820-7DBEB7C8DCF2}.Release|x86.ActiveCfg = Release|Any CPU
		{7D6404A3-3FD5-49CF-B820-7DBEB7C8DCF2}.Release|x86.Build.0 = Release|Any CPU
		{2ECECFBF-5F3E-40EE-A963-72336DC7ABE2}.Debug|x64.ActiveCfg = Debug|Any CPU
		{2ECECFBF-5F3E-40EE-A963-72336DC7ABE2}.Debug|x64.Build.0 = Debug|Any CPU
		{2ECECFBF-5F3E-40EE-A963-72336DC7ABE2}.Debug|x86.ActiveCfg = Debug|Any CPU
		{2ECECFBF-5F3E-40EE-A963-72336DC7ABE2}.Debug|x86.Build.0 = Debug|Any CPU
		{2ECECFBF-5F3E-40EE-A963-72336DC7ABE2}.Release|x64.ActiveCfg = Release|Any CPU
		{2ECECFBF-5F3E-40EE-A963-72336DC7ABE2}.Release|x64.Build.0 = Release|Any CPU
		{2ECECFBF-5F3E-40EE-A963-72336DC7ABE2}.Release|x86.ActiveCfg = Release|Any CPU
		{2ECECFBF-5F3E-40EE-A963-72336DC7ABE2}.Release|x86.Build.0 = Release|Any CPU
		{5956DABC-C1AB-498E-B8C8-F62ED6DCD30C}.Debug|x64.ActiveCfg = Debug|Any CPU
		{5956DABC-C1AB-498E-B8C8-F62ED6DCD30C}.Debug|x64.Build.0 = Debug|Any CPU
		{5956DABC-C1AB-498E-B8C8-F62ED6DCD30C}.Debug|x86.ActiveCfg = Debug|Any CPU
		{5956DABC-C1AB-498E-B8C8-F62ED6DCD30C}.Debug|x86.Build.0 = Debug|Any CPU
		{5956DABC-C1AB-498E-B8C8-F62ED6DCD30C}.Release|x64.ActiveCfg = Release|Any CPU
		{5956DABC-C1AB-498E-B8C8-F62ED6DCD30C}.Release|x64.Build.0 = Release|Any CPU
		{5956DABC-C1AB-498E-B8C8-F62ED6DCD30C}.Release|x86.ActiveCfg = Release|Any CPU
		{5956DABC-C1AB-498E-B8C8-F62ED6DCD30C}.Release|x86.Build.0 = Release|Any CPU
		{6B143A39-C7B2-4743-9917-92262C60E9A6}.Debug|x64.ActiveCfg = Debug|Any CPU
		{6B143A39-C7B2-4743-9917-92262C60E9A6}.Debug|x64.Build.0 = Debug|Any CPU
		{6B143A39-C7B2-4743-9917-92262C60E9A6}.Debug|x86.ActiveCfg = Debug|Any CPU
		{6B143A39-C7B2-4743-9917-92262C60E9A6}.Debug|x86.Build.0 = Debug|Any CPU
		{6B143A39-C7B2-4743-9917-92262C60E9A6}.Release|x64.ActiveCfg = Release|Any CPU
		{6B143A39-C7B2-4743-9917-92262C60E9A6}.Release|x64.Build.0 = Release|Any CPU
		{6B143A39-C7B2-4743-9917-92262C60E9A6}.Release|x86.ActiveCfg = Release|Any CPU
		{6B143A39-C7B2-4743-9917-92262C60E9A6}.Release|x86.Build.0 = Release|Any CPU
		{FA2243B2-460B-4E08-B53C-8C95E51ABD82}.Debug|x64.ActiveCfg = Debug|x86
		{FA2243B2-460B-4E08-B53C-8C95E51ABD82}.Debug|x64.Build.0 = Debug|x86
		{FA2243B2-460B-4E08-B53C-8C95E51ABD82}.Debug|x86.ActiveCfg = Debug|x86
		{FA2243B2-460B-4E08-B53C-8C95E51ABD82}.Debug|x86.Build.0 = Debug|x86
		{FA2243B2-460B-4E08-B53C-8C95E51ABD82}.Release|x64.ActiveCfg = Release|x86
		{FA2243B2-460B-4E08-B53C-8C95E51ABD82}.Release|x64.Build.0 = Release|x86
		{FA2243B2-460B-4E08-B53C-8C95E51ABD82}.Release|x86.ActiveCfg = Release|x86
		{FA2243B2-460B-4E08-B53C-8C95E51ABD82}.Release|x86.Build.0 = Release|x86
		{B273B770-A1F7-46B8-980D-F06314CF5BDB}.Debug|x64.ActiveCfg = Debug|x64
		{B273B770-A1F7-46B8-980D-F06314CF5BDB}.Debug|x64.Build.0 = Debug|x64
		{B273B770-A1F7-46B8-980D-F06314CF5BDB}.Debug|x86.ActiveCfg = Debug|x86
		{B273B770-A1F7-46B8-980D-F06314CF5BDB}.Debug|x86.Build.0 = Debug|x86
		{B273B770-A1F7-46B8-980D-F06314CF5BDB}.Release|x64.ActiveCfg = Release|x64
		{B273B770-A1F7-46B8-980D-F06314CF5BDB}.Release|x64.Build.0 = Release|x64
		{B273B770-A1F7-46B8-980D-F06314CF5BDB}.Release|x86.ActiveCfg = Release|x86
		{B273B770-A1F7-46B8-980D-F06314CF5BDB}.Release|x86.Build.0 = Release|x86
		{CE009BFA-5EF6-4153-B2A1-2FA79698A9AE}.Debug|x64.ActiveCfg = Debug|Any CPU
		{CE009BFA-5EF6-4153-B2A1-2FA79698A9AE}.Debug|x64.Build.0 = Debug|Any CPU
		{CE009BFA-5EF6-4153-B2A1-2FA79698A9AE}.Debug|x86.ActiveCfg = Debug|Any CPU
		{CE009BFA-5EF6-4153-B2A1-2FA79698A9AE}.Debug|x86.Build.0 = Debug|Any CPU
		{CE009BFA-5EF6-4153-B2A1-2FA79698A9AE}.Release|x64.ActiveCfg = Release|Any CPU
		{CE009BFA-5EF6-4153-B2A1-2FA79698A9AE}.Release|x64.Build.0 = Release|Any CPU
		{CE009BFA-5EF6-4153-B2A1-2FA79698A9AE}.Release|x86.ActiveCfg = Release|Any CPU
		{CE009BFA-5EF6-4153-B2A1-2FA79698A9AE}.Release|x86.Build.0 = Release|Any CPU
		{2A8E8AF5-74E7-49DB-A42E-9360FA7A6CC4}.Debug|x64.ActiveCfg = Debug|Any CPU
		{2A8E8AF5-74E7-49DB-A42E-9360FA7A6CC4}.Debug|x64.Build.0 = Debug|Any CPU
		{2A8E8AF5-74E7-49DB-A42E-9360FA7A6CC4}.Debug|x86.ActiveCfg = Debug|Any CPU
		{2A8E8AF5-74E7-49DB-A42E-9360FA7A6CC4}.Debug|x86.Build.0 = Debug|Any CPU
		{2A8E8AF5-74E7-49DB-A42E-9360FA7A6CC4}.Release|x64.ActiveCfg = Release|Any CPU
		{2A8E8AF5-74E7-49DB-A42E-9360FA7A6CC4}.Release|x64.Build.0 = Release|Any CPU
		{2A8E8AF5-74E7-49DB-A42E-9360FA7A6CC4}.Release|x86.ActiveCfg = Release|Any CPU
		{2A8E8AF5-74E7-49DB-A42E-9360FA7A6CC4}.Release|x86.Build.0 = Release|Any CPU
		{C0006F17-212A-474F-983E-7DA2F91E0233}.Debug|x64.ActiveCfg = Debug|Any CPU
		{C0006F17-212A-474F-983E-7DA2F91E0233}.Debug|x64.Build.0 = Debug|Any CPU
		{C0006F17-212A-474F-983E-7DA2F91E0233}.Debug|x86.ActiveCfg = Debug|Any CPU
		{C0006F17-212A-474F-983E-7DA2F91E0233}.Debug|x86.Build.0 = Debug|Any CPU
		{C0006F17-212A-474F-983E-7DA2F91E0233}.Release|x64.ActiveCfg = Release|Any CPU
		{C0006F17-212A-474F-983E-7DA2F91E0233}.Release|x64.Build.0 = Release|Any CPU
		{C0006F17-212A-474F-983E-7DA2F91E0233}.Release|x86.ActiveCfg = Release|Any CPU
		{C0006F17-212A-474F-983E-7DA2F91E0233}.Release|x86.Build.0 = Release|Any CPU
	EndGlobalSection
	GlobalSection(SolutionProperties) = preSolution
		HideSolutionNode = FALSE
	EndGlobalSection
	GlobalSection(NestedProjects) = preSolution
		{967DDBF7-A2A6-4508-A429-9DF4AB237CCB} = {AD64FC67-6C74-42D3-ADBD-B7D4C7674114}
		{E5F59F59-EE3C-4E18-9A86-4979C5BDE24E} = {AD64FC67-6C74-42D3-ADBD-B7D4C7674114}
		{3F9DAB3D-9816-4302-AEC0-98C5A9D8C65D} = {AD64FC67-6C74-42D3-ADBD-B7D4C7674114}
		{B8123E95-455B-4CC6-9FF3-6209FBF78072} = {AD64FC67-6C74-42D3-ADBD-B7D4C7674114}
		{CB7872DC-F585-4F3D-973B-18116ABD25F3} = {AD64FC67-6C74-42D3-ADBD-B7D4C7674114}
		{D54681DC-2877-45BE-88C5-88D16F455093} = {B8123E95-455B-4CC6-9FF3-6209FBF78072}
		{B7540B85-A490-489C-887A-F1EB761CBC48} = {B8123E95-455B-4CC6-9FF3-6209FBF78072}
		{78901F8D-8000-4A1A-9929-394E9787FFA0} = {CB7872DC-F585-4F3D-973B-18116ABD25F3}
		{E2E69410-C06A-4091-AC85-1F97CEA9A941} = {CB7872DC-F585-4F3D-973B-18116ABD25F3}
		{61F2603C-2232-4A4D-89CE-BD0882859372} = {CB7872DC-F585-4F3D-973B-18116ABD25F3}
		{2ED39186-C655-47E8-BE3F-BBD7BFCF8E52} = {B7540B85-A490-489C-887A-F1EB761CBC48}
		{2ECECFBF-5F3E-40EE-A963-72336DC7ABE2} = {57924F14-8121-4568-9FC1-9CED0A821D78}
		{5956DABC-C1AB-498E-B8C8-F62ED6DCD30C} = {57924F14-8121-4568-9FC1-9CED0A821D78}
		{6B143A39-C7B2-4743-9917-92262C60E9A6} = {57924F14-8121-4568-9FC1-9CED0A821D78}
		{CE009BFA-5EF6-4153-B2A1-2FA79698A9AE} = {57924F14-8121-4568-9FC1-9CED0A821D78}
		{C0006F17-212A-474F-983E-7DA2F91E0233} = {57924F14-8121-4568-9FC1-9CED0A821D78}
		{573FA562-2FFA-456A-BEC2-2CAF770E2208} = {2ED39186-C655-47E8-BE3F-BBD7BFCF8E52}
		{E0812713-A3FB-4BCE-AAE1-68F8C34B1B12} = {2ED39186-C655-47E8-BE3F-BBD7BFCF8E52}
		{20DAC19E-ED49-4819-AE22-CD002E492018} = {2ED39186-C655-47E8-BE3F-BBD7BFCF8E52}
		{44EE16D4-F9ED-419C-BE8A-505FA75D90B1} = {573FA562-2FFA-456A-BEC2-2CAF770E2208}
	EndGlobalSection
	GlobalSection(ExtensibilityGlobals) = postSolution
		BuildVersion_BuildVersioningStyle = None.None.None.Increment
		BuildVersion_UseGlobalSettings = True
	EndGlobalSection
EndGlobal
